
Microsoft Visual Studio Solution File, Format Version 12.00
# Visual Studio 14
VisualStudioVersion = 14.0.25123.0
MinimumVisualStudioVersion = 10.0.40219.1
Project("{8BC9CEB8-8B4A-11D0-8D11-00A0C91BC942}") = "bootloader", "bootloader.vcxproj", "{1011F252-4F3F-4E14-8E7A-1400AC5D6640}"
EndProject
Project("{8BC9CEB8-8B4A-11D0-8D11-00A0C91BC942}") = "eth_test", "eth_test\eth_test.vcxproj", "{B3D247CB-3CB2-4A7C-8A7F-5F2F2CF87D61}"
EndProject
Global
	GlobalSection(SolutionConfigurationPlatforms) = preSolution
		Debug No NetMon and AirPcap(WinPcap Mode)|x64 = Debug No NetMon and AirPcap(WinPcap Mode)|x64
		Debug No NetMon and AirPcap(WinPcap Mode)|x86 = Debug No NetMon and AirPcap(WinPcap Mode)|x86
		Debug No NetMon and AirPcap|x64 = Debug No NetMon and AirPcap|x64
		Debug No NetMon and AirPcap|x86 = Debug No NetMon and AirPcap|x86
		Debug No NetMon|x64 = Debug No NetMon|x64
		Debug No NetMon|x86 = Debug No NetMon|x86
		Debug|x64 = Debug|x64
		Debug|x86 = Debug|x86
		Release LOG_TO_FILE|x64 = Release LOG_TO_FILE|x64
		Release LOG_TO_FILE|x86 = Release LOG_TO_FILE|x86
		Release No NetMon and AirPcap(WinPcap Mode)|x64 = Release No NetMon and AirPcap(WinPcap Mode)|x64
		Release No NetMon and AirPcap(WinPcap Mode)|x86 = Release No NetMon and AirPcap(WinPcap Mode)|x86
		Release No NetMon and AirPcap|x64 = Release No NetMon and AirPcap|x64
		Release No NetMon and AirPcap|x86 = Release No NetMon and AirPcap|x86
		Release No NetMon LOG_TO_FILE|x64 = Release No NetMon LOG_TO_FILE|x64
		Release No NetMon LOG_TO_FILE|x86 = Release No NetMon LOG_TO_FILE|x86
		Release No NetMon|x64 = Release No NetMon|x64
		Release No NetMon|x86 = Release No NetMon|x86
		Release|x64 = Release|x64
		Release|x86 = Release|x86
		Win7 Debug(WinPcap Mode)|x64 = Win7 Debug(WinPcap Mode)|x64
		Win7 Debug(WinPcap Mode)|x86 = Win7 Debug(WinPcap Mode)|x86
		Win7 Debug|x64 = Win7 Debug|x64
		Win7 Debug|x86 = Win7 Debug|x86
		Win7 Release SDV|x64 = Win7 Release SDV|x64
		Win7 Release SDV|x86 = Win7 Release SDV|x86
		Win7 Release(WinPcap Mode)|x64 = Win7 Release(WinPcap Mode)|x64
		Win7 Release(WinPcap Mode)|x86 = Win7 Release(WinPcap Mode)|x86
		Win7 Release|x64 = Win7 Release|x64
		Win7 Release|x86 = Win7 Release|x86
	EndGlobalSection
	GlobalSection(ProjectConfigurationPlatforms) = postSolution
		{1011F252-4F3F-4E14-8E7A-1400AC5D6640}.Debug No NetMon and AirPcap(WinPcap Mode)|x64.ActiveCfg = Debug|x64
		{1011F252-4F3F-4E14-8E7A-1400AC5D6640}.Debug No NetMon and AirPcap(WinPcap Mode)|x64.Build.0 = Debug|x64
		{1011F252-4F3F-4E14-8E7A-1400AC5D6640}.Debug No NetMon and AirPcap(WinPcap Mode)|x86.ActiveCfg = Debug|Win32
		{1011F252-4F3F-4E14-8E7A-1400AC5D6640}.Debug No NetMon and AirPcap(WinPcap Mode)|x86.Build.0 = Debug|Win32
		{1011F252-4F3F-4E14-8E7A-1400AC5D6640}.Debug No NetMon and AirPcap|x64.ActiveCfg = Debug|x64
		{1011F252-4F3F-4E14-8E7A-1400AC5D6640}.Debug No NetMon and AirPcap|x64.Build.0 = Debug|x64
		{1011F252-4F3F-4E14-8E7A-1400AC5D6640}.Debug No NetMon and AirPcap|x86.ActiveCfg = Debug|Win32
		{1011F252-4F3F-4E14-8E7A-1400AC5D6640}.Debug No NetMon and AirPcap|x86.Build.0 = Debug|Win32
		{1011F252-4F3F-4E14-8E7A-1400AC5D6640}.Debug No NetMon|x64.ActiveCfg = Debug|x64
		{1011F252-4F3F-4E14-8E7A-1400AC5D6640}.Debug No NetMon|x64.Build.0 = Debug|x64
		{1011F252-4F3F-4E14-8E7A-1400AC5D6640}.Debug No NetMon|x86.ActiveCfg = Debug|Win32
		{1011F252-4F3F-4E14-8E7A-1400AC5D6640}.Debug No NetMon|x86.Build.0 = Debug|Win32
		{1011F252-4F3F-4E14-8E7A-1400AC5D6640}.Debug|x64.ActiveCfg = Debug|x64
		{1011F252-4F3F-4E14-8E7A-1400AC5D6640}.Debug|x64.Build.0 = Debug|x64
		{1011F252-4F3F-4E14-8E7A-1400AC5D6640}.Debug|x86.ActiveCfg = Debug|Win32
		{1011F252-4F3F-4E14-8E7A-1400AC5D6640}.Release LOG_TO_FILE|x64.ActiveCfg = Release|x64
		{1011F252-4F3F-4E14-8E7A-1400AC5D6640}.Release LOG_TO_FILE|x64.Build.0 = Release|x64
		{1011F252-4F3F-4E14-8E7A-1400AC5D6640}.Release LOG_TO_FILE|x86.ActiveCfg = Release|Win32
		{1011F252-4F3F-4E14-8E7A-1400AC5D6640}.Release LOG_TO_FILE|x86.Build.0 = Release|Win32
		{1011F252-4F3F-4E14-8E7A-1400AC5D6640}.Release No NetMon and AirPcap(WinPcap Mode)|x64.ActiveCfg = Release|x64
		{1011F252-4F3F-4E14-8E7A-1400AC5D6640}.Release No NetMon and AirPcap(WinPcap Mode)|x64.Build.0 = Release|x64
		{1011F252-4F3F-4E14-8E7A-1400AC5D6640}.Release No NetMon and AirPcap(WinPcap Mode)|x86.ActiveCfg = Release|Win32
		{1011F252-4F3F-4E14-8E7A-1400AC5D6640}.Release No NetMon and AirPcap(WinPcap Mode)|x86.Build.0 = Release|Win32
		{1011F252-4F3F-4E14-8E7A-1400AC5D6640}.Release No NetMon and AirPcap|x64.ActiveCfg = Release|x64
		{1011F252-4F3F-4E14-8E7A-1400AC5D6640}.Release No NetMon and AirPcap|x64.Build.0 = Release|x64
		{1011F252-4F3F-4E14-8E7A-1400AC5D6640}.Release No NetMon and AirPcap|x86.ActiveCfg = Release|Win32
		{1011F252-4F3F-4E14-8E7A-1400AC5D6640}.Release No NetMon and AirPcap|x86.Build.0 = Release|Win32
		{1011F252-4F3F-4E14-8E7A-1400AC5D6640}.Release No NetMon LOG_TO_FILE|x64.ActiveCfg = Release|x64
		{1011F252-4F3F-4E14-8E7A-1400AC5D6640}.Release No NetMon LOG_TO_FILE|x64.Build.0 = Release|x64
		{1011F252-4F3F-4E14-8E7A-1400AC5D6640}.Release No NetMon LOG_TO_FILE|x86.ActiveCfg = Release|Win32
		{1011F252-4F3F-4E14-8E7A-1400AC5D6640}.Release No NetMon LOG_TO_FILE|x86.Build.0 = Release|Win32
		{1011F252-4F3F-4E14-8E7A-1400AC5D6640}.Release No NetMon|x64.ActiveCfg = Release|x64
		{1011F252-4F3F-4E14-8E7A-1400AC5D6640}.Release No NetMon|x64.Build.0 = Release|x64
		{1011F252-4F3F-4E14-8E7A-1400AC5D6640}.Release No NetMon|x86.ActiveCfg = Release|Win32
		{1011F252-4F3F-4E14-8E7A-1400AC5D6640}.Release No NetMon|x86.Build.0 = Release|Win32
		{1011F252-4F3F-4E14-8E7A-1400AC5D6640}.Release|x64.ActiveCfg = Release|x64
		{1011F252-4F3F-4E14-8E7A-1400AC5D6640}.Release|x64.Build.0 = Release|x64
		{1011F252-4F3F-4E14-8E7A-1400AC5D6640}.Release|x86.ActiveCfg = Release|Win32
		{1011F252-4F3F-4E14-8E7A-1400AC5D6640}.Win7 Debug(WinPcap Mode)|x64.ActiveCfg = Debug|x64
		{1011F252-4F3F-4E14-8E7A-1400AC5D6640}.Win7 Debug(WinPcap Mode)|x64.Build.0 = Debug|x64
		{1011F252-4F3F-4E14-8E7A-1400AC5D6640}.Win7 Debug(WinPcap Mode)|x86.ActiveCfg = Debug|Win32
		{1011F252-4F3F-4E14-8E7A-1400AC5D6640}.Win7 Debug(WinPcap Mode)|x86.Build.0 = Debug|Win32
		{1011F252-4F3F-4E14-8E7A-1400AC5D6640}.Win7 Debug|x64.ActiveCfg = Debug|x64
		{1011F252-4F3F-4E14-8E7A-1400AC5D6640}.Win7 Debug|x64.Build.0 = Debug|x64
		{1011F252-4F3F-4E14-8E7A-1400AC5D6640}.Win7 Debug|x86.ActiveCfg = Debug|Win32
		{1011F252-4F3F-4E14-8E7A-1400AC5D6640}.Win7 Debug|x86.Build.0 = Debug|Win32
		{1011F252-4F3F-4E14-8E7A-1400AC5D6640}.Win7 Release SDV|x64.ActiveCfg = Release|x64
		{1011F252-4F3F-4E14-8E7A-1400AC5D6640}.Win7 Release SDV|x64.Build.0 = Release|x64
		{1011F252-4F3F-4E14-8E7A-1400AC5D6640}.Win7 Release SDV|x86.ActiveCfg = Release|Win32
		{1011F252-4F3F-4E14-8E7A-1400AC5D6640}.Win7 Release SDV|x86.Build.0 = Release|Win32
		{1011F252-4F3F-4E14-8E7A-1400AC5D6640}.Win7 Release(WinPcap Mode)|x64.ActiveCfg = Release|x64
		{1011F252-4F3F-4E14-8E7A-1400AC5D6640}.Win7 Release(WinPcap Mode)|x64.Build.0 = Release|x64
		{1011F252-4F3F-4E14-8E7A-1400AC5D6640}.Win7 Release(WinPcap Mode)|x86.ActiveCfg = Release|Win32
		{1011F252-4F3F-4E14-8E7A-1400AC5D6640}.Win7 Release(WinPcap Mode)|x86.Build.0 = Release|Win32
		{1011F252-4F3F-4E14-8E7A-1400AC5D6640}.Win7 Release|x64.ActiveCfg = Release|x64
		{1011F252-4F3F-4E14-8E7A-1400AC5D6640}.Win7 Release|x64.Build.0 = Release|x64
		{1011F252-4F3F-4E14-8E7A-1400AC5D6640}.Win7 Release|x86.ActiveCfg = Release|Win32
		{1011F252-4F3F-4E14-8E7A-1400AC5D6640}.Win7 Release|x86.Build.0 = Release|Win32
		{B3D247CB-3CB2-4A7C-8A7F-5F2F2CF87D61}.Debug No NetMon and AirPcap(WinPcap Mode)|x64.ActiveCfg = Debug|x64
		{B3D247CB-3CB2-4A7C-8A7F-5F2F2CF87D61}.Debug No NetMon and AirPcap(WinPcap Mode)|x64.Build.0 = Debug|x64
		{B3D247CB-3CB2-4A7C-8A7F-5F2F2CF87D61}.Debug No NetMon and AirPcap(WinPcap Mode)|x86.ActiveCfg = Debug|Win32
		{B3D247CB-3CB2-4A7C-8A7F-5F2F2CF87D61}.Debug No NetMon and AirPcap(WinPcap Mode)|x86.Build.0 = Debug|Win32
		{B3D247CB-3CB2-4A7C-8A7F-5F2F2CF87D61}.Debug No NetMon and AirPcap|x64.ActiveCfg = Debug|x64
		{B3D247CB-3CB2-4A7C-8A7F-5F2F2CF87D61}.Debug No NetMon and AirPcap|x64.Build.0 = Debug|x64
		{B3D247CB-3CB2-4A7C-8A7F-5F2F2CF87D61}.Debug No NetMon and AirPcap|x86.ActiveCfg = Debug|Win32
		{B3D247CB-3CB2-4A7C-8A7F-5F2F2CF87D61}.Debug No NetMon and AirPcap|x86.Build.0 = Debug|Win32
		{B3D247CB-3CB2-4A7C-8A7F-5F2F2CF87D61}.Debug No NetMon|x64.ActiveCfg = Debug|x64
		{B3D247CB-3CB2-4A7C-8A7F-5F2F2CF87D61}.Debug No NetMon|x64.Build.0 = Debug|x64
		{B3D247CB-3CB2-4A7C-8A7F-5F2F2CF87D61}.Debug No NetMon|x86.ActiveCfg = Debug|Win32
		{B3D247CB-3CB2-4A7C-8A7F-5F2F2CF87D61}.Debug No NetMon|x86.Build.0 = Debug|Win32
		{B3D247CB-3CB2-4A7C-8A7F-5F2F2CF87D61}.Debug|x64.ActiveCfg = Debug|x64
		{B3D247CB-3CB2-4A7C-8A7F-5F2F2CF87D61}.Debug|x64.Build.0 = Debug|x64
		{B3D247CB-3CB2-4A7C-8A7F-5F2F2CF87D61}.Debug|x86.ActiveCfg = Debug|Win32
		{B3D247CB-3CB2-4A7C-8A7F-5F2F2CF87D61}.Debug|x86.Build.0 = Debug|Win32
		{B3D247CB-3CB2-4A7C-8A7F-5F2F2CF87D61}.Release LOG_TO_FILE|x64.ActiveCfg = Release|x64
		{B3D247CB-3CB2-4A7C-8A7F-5F2F2CF87D61}.Release LOG_TO_FILE|x64.Build.0 = Release|x64
		{B3D247CB-3CB2-4A7C-8A7F-5F2F2CF87D61}.Release LOG_TO_FILE|x86.ActiveCfg = Release|Win32
		{B3D247CB-3CB2-4A7C-8A7F-5F2F2CF87D61}.Release LOG_TO_FILE|x86.Build.0 = Release|Win32
		{B3D247CB-3CB2-4A7C-8A7F-5F2F2CF87D61}.Release No NetMon and AirPcap(WinPcap Mode)|x64.ActiveCfg = Release|x64
		{B3D247CB-3CB2-4A7C-8A7F-5F2F2CF87D61}.Release No NetMon and AirPcap(WinPcap Mode)|x64.Build.0 = Release|x64
		{B3D247CB-3CB2-4A7C-8A7F-5F2F2CF87D61}.Release No NetMon and AirPcap(WinPcap Mode)|x86.ActiveCfg = Release|Win32
		{B3D247CB-3CB2-4A7C-8A7F-5F2F2CF87D61}.Release No NetMon and AirPcap(WinPcap Mode)|x86.Build.0 = Release|Win32
		{B3D247CB-3CB2-4A7C-8A7F-5F2F2CF87D61}.Release No NetMon and AirPcap|x64.ActiveCfg = Release|x64
		{B3D247CB-3CB2-4A7C-8A7F-5F2F2CF87D61}.Release No NetMon and AirPcap|x64.Build.0 = Release|x64
		{B3D247CB-3CB2-4A7C-8A7F-5F2F2CF87D61}.Release No NetMon and AirPcap|x86.ActiveCfg = Release|Win32
		{B3D247CB-3CB2-4A7C-8A7F-5F2F2CF87D61}.Release No NetMon and AirPcap|x86.Build.0 = Release|Win32
		{B3D247CB-3CB2-4A7C-8A7F-5F2F2CF87D61}.Release No NetMon LOG_TO_FILE|x64.ActiveCfg = Release|x64
		{B3D247CB-3CB2-4A7C-8A7F-5F2F2CF87D61}.Release No NetMon LOG_TO_FILE|x64.Build.0 = Release|x64
		{B3D247CB-3CB2-4A7C-8A7F-5F2F2CF87D61}.Release No NetMon LOG_TO_FILE|x86.ActiveCfg = Release|Win32
		{B3D247CB-3CB2-4A7C-8A7F-5F2F2CF87D61}.Release No NetMon LOG_TO_FILE|x86.Build.0 = Release|Win32
		{B3D247CB-3CB2-4A7C-8A7F-5F2F2CF87D61}.Release No NetMon|x64.ActiveCfg = Release|x64
		{B3D247CB-3CB2-4A7C-8A7F-5F2F2CF87D61}.Release No NetMon|x64.Build.0 = Release|x64
		{B3D247CB-3CB2-4A7C-8A7F-5F2F2CF87D61}.Release No NetMon|x86.ActiveCfg = Release|Win32
		{B3D247CB-3CB2-4A7C-8A7F-5F2F2CF87D61}.Release No NetMon|x86.Build.0 = Release|Win32
		{B3D247CB-3CB2-4A7C-8A7F-5F2F2CF87D61}.Release|x64.ActiveCfg = Release|x64
		{B3D247CB-3CB2-4A7C-8A7F-5F2F2CF87D61}.Release|x64.Build.0 = Release|x64
		{B3D247CB-3CB2-4A7C-8A7F-5F2F2CF87D61}.Release|x86.ActiveCfg = Release|Win32
		{B3D247CB-3CB2-4A7C-8A7F-5F2F2CF87D61}.Release|x86.Build.0 = Release|Win32
		{B3D247CB-3CB2-4A7C-8A7F-5F2F2CF87D61}.Win7 Debug(WinPcap Mode)|x64.ActiveCfg = Debug|x64
		{B3D247CB-3CB2-4A7C-8A7F-5F2F2CF87D61}.Win7 Debug(WinPcap Mode)|x64.Build.0 = Debug|x64
		{B3D247CB-3CB2-4A7C-8A7F-5F2F2CF87D61}.Win7 Debug(WinPcap Mode)|x86.ActiveCfg = Debug|Win32
		{B3D247CB-3CB2-4A7C-8A7F-5F2F2CF87D61}.Win7 Debug(WinPcap Mode)|x86.Build.0 = Debug|Win32
		{B3D247CB-3CB2-4A7C-8A7F-5F2F2CF87D61}.Win7 Debug|x64.ActiveCfg = Debug|x64
		{B3D247CB-3CB2-4A7C-8A7F-5F2F2CF87D61}.Win7 Debug|x64.Build.0 = Debug|x64
		{B3D247CB-3CB2-4A7C-8A7F-5F2F2CF87D61}.Win7 Debug|x86.ActiveCfg = Debug|Win32
		{B3D247CB-3CB2-4A7C-8A7F-5F2F2CF87D61}.Win7 Debug|x86.Build.0 = Debug|Win32
		{B3D247CB-3CB2-4A7C-8A7F-5F2F2CF87D61}.Win7 Release SDV|x64.ActiveCfg = Release|x64
		{B3D247CB-3CB2-4A7C-8A7F-5F2F2CF87D61}.Win7 Release SDV|x64.Build.0 = Release|x64
		{B3D247CB-3CB2-4A7C-8A7F-5F2F2CF87D61}.Win7 Release SDV|x86.ActiveCfg = Release|Win32
		{B3D247CB-3CB2-4A7C-8A7F-5F2F2CF87D61}.Win7 Release SDV|x86.Build.0 = Release|Win32
		{B3D247CB-3CB2-4A7C-8A7F-5F2F2CF87D61}.Win7 Release(WinPcap Mode)|x64.ActiveCfg = Release|x64
		{B3D247CB-3CB2-4A7C-8A7F-5F2F2CF87D61}.Win7 Release(WinPcap Mode)|x64.Build.0 = Release|x64
		{B3D247CB-3CB2-4A7C-8A7F-5F2F2CF87D61}.Win7 Release(WinPcap Mode)|x86.ActiveCfg = Release|Win32
		{B3D247CB-3CB2-4A7C-8A7F-5F2F2CF87D61}.Win7 Release(WinPcap Mode)|x86.Build.0 = Release|Win32
		{B3D247CB-3CB2-4A7C-8A7F-5F2F2CF87D61}.Win7 Release|x64.ActiveCfg = Release|x64
		{B3D247CB-3CB2-4A7C-8A7F-5F2F2CF87D61}.Win7 Release|x64.Build.0 = Release|x64
		{B3D247CB-3CB2-4A7C-8A7F-5F2F2CF87D61}.Win7 Release|x86.ActiveCfg = Release|Win32
		{B3D247CB-3CB2-4A7C-8A7F-5F2F2CF87D61}.Win7 Release|x86.Build.0 = Release|Win32
	EndGlobalSection
	GlobalSection(SolutionProperties) = preSolution
		HideSolutionNode = FALSE
	EndGlobalSection
EndGlobal
